
Microsoft Visual Studio Solution File, Format Version 12.00
# Visual Studio Version 17
VisualStudioVersion = 17.6.33815.320
MinimumVisualStudioVersion = 10.0.40219.1
Project("{FAE04EC0-301F-11D3-BF4B-00C04F79EFBC}") = "ExcelCsvConvertJson", "ExcelCsvConvertJson\ExcelCsvConvertJson.csproj", "{C605DB20-D417-431F-BDE9-ABB4BBF93002}"
EndProject
Global
	GlobalSection(SolutionConfigurationPlatforms) = preSolution
		Debug|Any CPU = Debug|Any CPU
		Release|Any CPU = Release|Any CPU
	EndGlobalSection
	GlobalSection(ProjectConfigurationPlatforms) = postSolution
		{C605DB20-D417-431F-BDE9-ABB4BBF93002}.Debug|Any CPU.ActiveCfg = Debug|Any CPU
		{C605DB20-D417-431F-BDE9-ABB4BBF93002}.Debug|Any CPU.Build.0 = Debug|Any CPU
		{C605DB20-D417-431F-BDE9-ABB4BBF93002}.Release|Any CPU.ActiveCfg = Release|Any CPU
		{C605DB20-D417-431F-BDE9-ABB4BBF93002}.Release|Any CPU.Build.0 = Release|Any CPU
	EndGlobalSection
	GlobalSection(SolutionProperties) = preSolution
		HideSolutionNode = FALSE
	EndGlobalSection
	GlobalSection(ExtensibilityGlobals) = postSolution
		SolutionGuid = {462E89D5-E4D7-4BBA-B743-40D23EF6800A}
	EndGlobalSection
EndGlobal
